
Microsoft Visual Studio Solution File, Format Version 12.00
# Visual Studio Version 17
VisualStudioVersion = 17.1.32328.378
MinimumVisualStudioVersion = 10.0.40219.1
Project("{FAE04EC0-301F-11D3-BF4B-00C04F79EFBC}") = "Singleton", "Singleton\Singleton.csproj", "{32D7A7DE-8915-4905-9AA5-DC9C2940771A}"
EndProject
Project("{FAE04EC0-301F-11D3-BF4B-00C04F79EFBC}") = "FactoryMethod", "FactoryMethod\FactoryMethod.csproj", "{AEEF77E7-382E-4EA5-952A-261ABD5A9BBA}"
EndProject
Project("{FAE04EC0-301F-11D3-BF4B-00C04F79EFBC}") = "AbstractFactory", "AbstractFactory\AbstractFactory.csproj", "{CC646CAC-8F6A-49A3-95FF-512CBFE7A671}"
EndProject
Project("{FAE04EC0-301F-11D3-BF4B-00C04F79EFBC}") = "Prototype", "Prototype\Prototype.csproj", "{BFFBBD5E-84F3-451D-93DD-E3786F06A8A3}"
EndProject
Project("{FAE04EC0-301F-11D3-BF4B-00C04F79EFBC}") = "Builder", "Builder\Builder.csproj", "{52E4528F-BB71-4063-82BD-456E389172D1}"
EndProject
Project("{FAE04EC0-301F-11D3-BF4B-00C04F79EFBC}") = "Facade", "Facade\Facade.csproj", "{AFF048E6-61BF-4823-8C69-16FCA81B2636}"
EndProject
Project("{FAE04EC0-301F-11D3-BF4B-00C04F79EFBC}") = "Adapter", "Adapter\Adapter.csproj", "{31916DAD-5FB7-458D-ACD9-33B1888B4089}"
EndProject
Project("{FAE04EC0-301F-11D3-BF4B-00C04F79EFBC}") = "Composite", "Composite\Composite.csproj", "{95F2C37E-B089-447B-AE42-D0BD295BEF6F}"
EndProject
Project("{FAE04EC0-301F-11D3-BF4B-00C04F79EFBC}") = "Proxy", "Proxy\Proxy.csproj", "{629E704F-DEDF-4F0E-8471-17B6F22C8722}"
EndProject
Project("{FAE04EC0-301F-11D3-BF4B-00C04F79EFBC}") = "Decorator", "Decorator\Decorator.csproj", "{AFB10BBF-B582-40D6-ACCC-C35A75D2839A}"
EndProject
Project("{FAE04EC0-301F-11D3-BF4B-00C04F79EFBC}") = "Bridge", "Bridge\Bridge.csproj", "{6AB96234-0048-43E9-B62B-CE336674304B}"
EndProject
Project("{FAE04EC0-301F-11D3-BF4B-00C04F79EFBC}") = "Strategy", "Strategy\Strategy.csproj", "{AC0849DF-9E4C-43BF-AB60-442ECE494E6C}"
EndProject
Project("{FAE04EC0-301F-11D3-BF4B-00C04F79EFBC}") = "Observer", "Observer\Observer.csproj", "{C176347E-25BF-48CA-95D2-6459CFC0BEA8}"
EndProject
Project("{FAE04EC0-301F-11D3-BF4B-00C04F79EFBC}") = "ChainOfResponsibility", "ChainOfResponsibility\ChainOfResponsibility.csproj", "{73AA8F4A-0609-4584-B9DE-1C0A572811CA}"
EndProject
Project("{FAE04EC0-301F-11D3-BF4B-00C04F79EFBC}") = "Memento", "Memento\Memento.csproj", "{D2F8731D-57E7-41C6-B4D5-26973954C566}"
EndProject
Project("{FAE04EC0-301F-11D3-BF4B-00C04F79EFBC}") = "TemplateMethod", "TemplateMethod\TemplateMethod.csproj", "{AE694A1E-10E5-48CE-A8FD-C47E57336DEF}"
EndProject
Project("{FAE04EC0-301F-11D3-BF4B-00C04F79EFBC}") = "State", "State\State.csproj", "{619ECB9A-069B-491B-8783-C677D3D080BF}"
EndProject
Project("{FAE04EC0-301F-11D3-BF4B-00C04F79EFBC}") = "Mediator", "Mediator\Mediator.csproj", "{65D70DD5-6EB0-4657-BFBD-B81BFB020605}"
EndProject
Project("{FAE04EC0-301F-11D3-BF4B-00C04F79EFBC}") = "Command", "Command\Command.csproj", "{DA0CD0B5-CA2E-4570-8395-8A594F0F3FE5}"
EndProject
Project("{FAE04EC0-301F-11D3-BF4B-00C04F79EFBC}") = "Visitor", "Visitor\Visitor.csproj", "{2BEDCCD3-B366-44A0-9FC5-9A27FDCE4C3A}"
EndProject
Global
	GlobalSection(SolutionConfigurationPlatforms) = preSolution
		Debug|Any CPU = Debug|Any CPU
		Release|Any CPU = Release|Any CPU
	EndGlobalSection
	GlobalSection(ProjectConfigurationPlatforms) = postSolution
		{32D7A7DE-8915-4905-9AA5-DC9C2940771A}.Debug|Any CPU.ActiveCfg = Debug|Any CPU
		{32D7A7DE-8915-4905-9AA5-DC9C2940771A}.Debug|Any CPU.Build.0 = Debug|Any CPU
		{32D7A7DE-8915-4905-9AA5-DC9C2940771A}.Release|Any CPU.ActiveCfg = Release|Any CPU
		{32D7A7DE-8915-4905-9AA5-DC9C2940771A}.Release|Any CPU.Build.0 = Release|Any CPU
		{AEEF77E7-382E-4EA5-952A-261ABD5A9BBA}.Debug|Any CPU.ActiveCfg = Debug|Any CPU
		{AEEF77E7-382E-4EA5-952A-261ABD5A9BBA}.Debug|Any CPU.Build.0 = Debug|Any CPU
		{AEEF77E7-382E-4EA5-952A-261ABD5A9BBA}.Release|Any CPU.ActiveCfg = Release|Any CPU
		{AEEF77E7-382E-4EA5-952A-261ABD5A9BBA}.Release|Any CPU.Build.0 = Release|Any CPU
		{CC646CAC-8F6A-49A3-95FF-512CBFE7A671}.Debug|Any CPU.ActiveCfg = Debug|Any CPU
		{CC646CAC-8F6A-49A3-95FF-512CBFE7A671}.Debug|Any CPU.Build.0 = Debug|Any CPU
		{CC646CAC-8F6A-49A3-95FF-512CBFE7A671}.Release|Any CPU.ActiveCfg = Release|Any CPU
		{CC646CAC-8F6A-49A3-95FF-512CBFE7A671}.Release|Any CPU.Build.0 = Release|Any CPU
		{BFFBBD5E-84F3-451D-93DD-E3786F06A8A3}.Debug|Any CPU.ActiveCfg = Debug|Any CPU
		{BFFBBD5E-84F3-451D-93DD-E3786F06A8A3}.Debug|Any CPU.Build.0 = Debug|Any CPU
		{BFFBBD5E-84F3-451D-93DD-E3786F06A8A3}.Release|Any CPU.ActiveCfg = Release|Any CPU
		{BFFBBD5E-84F3-451D-93DD-E3786F06A8A3}.Release|Any CPU.Build.0 = Release|Any CPU
		{52E4528F-BB71-4063-82BD-456E389172D1}.Debug|Any CPU.ActiveCfg = Debug|Any CPU
		{52E4528F-BB71-4063-82BD-456E389172D1}.Debug|Any CPU.Build.0 = Debug|Any CPU
		{52E4528F-BB71-4063-82BD-456E389172D1}.Release|Any CPU.ActiveCfg = Release|Any CPU
		{52E4528F-BB71-4063-82BD-456E389172D1}.Release|Any CPU.Build.0 = Release|Any CPU
		{AFF048E6-61BF-4823-8C69-16FCA81B2636}.Debug|Any CPU.ActiveCfg = Debug|Any CPU
		{AFF048E6-61BF-4823-8C69-16FCA81B2636}.Debug|Any CPU.Build.0 = Debug|Any CPU
		{AFF048E6-61BF-4823-8C69-16FCA81B2636}.Release|Any CPU.ActiveCfg = Release|Any CPU
		{AFF048E6-61BF-4823-8C69-16FCA81B2636}.Release|Any CPU.Build.0 = Release|Any CPU
		{31916DAD-5FB7-458D-ACD9-33B1888B4089}.Debug|Any CPU.ActiveCfg = Debug|Any CPU
		{31916DAD-5FB7-458D-ACD9-33B1888B4089}.Debug|Any CPU.Build.0 = Debug|Any CPU
		{31916DAD-5FB7-458D-ACD9-33B1888B4089}.Release|Any CPU.ActiveCfg = Release|Any CPU
		{31916DAD-5FB7-458D-ACD9-33B1888B4089}.Release|Any CPU.Build.0 = Release|Any CPU
		{95F2C37E-B089-447B-AE42-D0BD295BEF6F}.Debug|Any CPU.ActiveCfg = Debug|Any CPU
		{95F2C37E-B089-447B-AE42-D0BD295BEF6F}.Debug|Any CPU.Build.0 = Debug|Any CPU
		{95F2C37E-B089-447B-AE42-D0BD295BEF6F}.Release|Any CPU.ActiveCfg = Release|Any CPU
		{95F2C37E-B089-447B-AE42-D0BD295BEF6F}.Release|Any CPU.Build.0 = Release|Any CPU
		{629E704F-DEDF-4F0E-8471-17B6F22C8722}.Debug|Any CPU.ActiveCfg = Debug|Any CPU
		{629E704F-DEDF-4F0E-8471-17B6F22C8722}.Debug|Any CPU.Build.0 = Debug|Any CPU
		{629E704F-DEDF-4F0E-8471-17B6F22C8722}.Release|Any CPU.ActiveCfg = Release|Any CPU
		{629E704F-DEDF-4F0E-8471-17B6F22C8722}.Release|Any CPU.Build.0 = Release|Any CPU
		{AFB10BBF-B582-40D6-ACCC-C35A75D2839A}.Debug|Any CPU.ActiveCfg = Debug|Any CPU
		{AFB10BBF-B582-40D6-ACCC-C35A75D2839A}.Debug|Any CPU.Build.0 = Debug|Any CPU
		{AFB10BBF-B582-40D6-ACCC-C35A75D2839A}.Release|Any CPU.ActiveCfg = Release|Any CPU
		{AFB10BBF-B582-40D6-ACCC-C35A75D2839A}.Release|Any CPU.Build.0 = Release|Any CPU
		{6AB96234-0048-43E9-B62B-CE336674304B}.Debug|Any CPU.ActiveCfg = Debug|Any CPU
		{6AB96234-0048-43E9-B62B-CE336674304B}.Debug|Any CPU.Build.0 = Debug|Any CPU
		{6AB96234-0048-43E9-B62B-CE336674304B}.Release|Any CPU.ActiveCfg = Release|Any CPU
		{6AB96234-0048-43E9-B62B-CE336674304B}.Release|Any CPU.Build.0 = Release|Any CPU
		{AC0849DF-9E4C-43BF-AB60-442ECE494E6C}.Debug|Any CPU.ActiveCfg = Debug|Any CPU
		{AC0849DF-9E4C-43BF-AB60-442ECE494E6C}.Debug|Any CPU.Build.0 = Debug|Any CPU
		{AC0849DF-9E4C-43BF-AB60-442ECE494E6C}.Release|Any CPU.ActiveCfg = Release|Any CPU
		{AC0849DF-9E4C-43BF-AB60-442ECE494E6C}.Release|Any CPU.Build.0 = Release|Any CPU
		{C176347E-25BF-48CA-95D2-6459CFC0BEA8}.Debug|Any CPU.ActiveCfg = Debug|Any CPU
		{C176347E-25BF-48CA-95D2-6459CFC0BEA8}.Debug|Any CPU.Build.0 = Debug|Any CPU
		{C176347E-25BF-48CA-95D2-6459CFC0BEA8}.Release|Any CPU.ActiveCfg = Release|Any CPU
		{C176347E-25BF-48CA-95D2-6459CFC0BEA8}.Release|Any CPU.Build.0 = Release|Any CPU
		{73AA8F4A-0609-4584-B9DE-1C0A572811CA}.Debug|Any CPU.ActiveCfg = Debug|Any CPU
		{73AA8F4A-0609-4584-B9DE-1C0A572811CA}.Debug|Any CPU.Build.0 = Debug|Any CPU
		{73AA8F4A-0609-4584-B9DE-1C0A572811CA}.Release|Any CPU.ActiveCfg = Release|Any CPU
		{73AA8F4A-0609-4584-B9DE-1C0A572811CA}.Release|Any CPU.Build.0 = Release|Any CPU
		{D2F8731D-57E7-41C6-B4D5-26973954C566}.Debug|Any CPU.ActiveCfg = Debug|Any CPU
		{D2F8731D-57E7-41C6-B4D5-26973954C566}.Debug|Any CPU.Build.0 = Debug|Any CPU
		{D2F8731D-57E7-41C6-B4D5-26973954C566}.Release|Any CPU.ActiveCfg = Release|Any CPU
		{D2F8731D-57E7-41C6-B4D5-26973954C566}.Release|Any CPU.Build.0 = Release|Any CPU
		{AE694A1E-10E5-48CE-A8FD-C47E57336DEF}.Debug|Any CPU.ActiveCfg = Debug|Any CPU
		{AE694A1E-10E5-48CE-A8FD-C47E57336DEF}.Debug|Any CPU.Build.0 = Debug|Any CPU
		{AE694A1E-10E5-48CE-A8FD-C47E57336DEF}.Release|Any CPU.ActiveCfg = Release|Any CPU
		{AE694A1E-10E5-48CE-A8FD-C47E57336DEF}.Release|Any CPU.Build.0 = Release|Any CPU
		{619ECB9A-069B-491B-8783-C677D3D080BF}.Debug|Any CPU.ActiveCfg = Debug|Any CPU
		{619ECB9A-069B-491B-8783-C677D3D080BF}.Debug|Any CPU.Build.0 = Debug|Any CPU
		{619ECB9A-069B-491B-8783-C677D3D080BF}.Release|Any CPU.ActiveCfg = Release|Any CPU
		{619ECB9A-069B-491B-8783-C677D3D080BF}.Release|Any CPU.Build.0 = Release|Any CPU
		{65D70DD5-6EB0-4657-BFBD-B81BFB020605}.Debug|Any CPU.ActiveCfg = Debug|Any CPU
		{65D70DD5-6EB0-4657-BFBD-B81BFB020605}.Debug|Any CPU.Build.0 = Debug|Any CPU
		{65D70DD5-6EB0-4657-BFBD-B81BFB020605}.Release|Any CPU.ActiveCfg = Release|Any CPU
		{65D70DD5-6EB0-4657-BFBD-B81BFB020605}.Release|Any CPU.Build.0 = Release|Any CPU
		{DA0CD0B5-CA2E-4570-8395-8A594F0F3FE5}.Debug|Any CPU.ActiveCfg = Debug|Any CPU
		{DA0CD0B5-CA2E-4570-8395-8A594F0F3FE5}.Debug|Any CPU.Build.0 = Debug|Any CPU
		{DA0CD0B5-CA2E-4570-8395-8A594F0F3FE5}.Release|Any CPU.ActiveCfg = Release|Any CPU
		{DA0CD0B5-CA2E-4570-8395-8A594F0F3FE5}.Release|Any CPU.Build.0 = Release|Any CPU
		{2BEDCCD3-B366-44A0-9FC5-9A27FDCE4C3A}.Debug|Any CPU.ActiveCfg = Debug|Any CPU
		{2BEDCCD3-B366-44A0-9FC5-9A27FDCE4C3A}.Debug|Any CPU.Build.0 = Debug|Any CPU
		{2BEDCCD3-B366-44A0-9FC5-9A27FDCE4C3A}.Release|Any CPU.ActiveCfg = Release|Any CPU
		{2BEDCCD3-B366-44A0-9FC5-9A27FDCE4C3A}.Release|Any CPU.Build.0 = Release|Any CPU
	EndGlobalSection
	GlobalSection(SolutionProperties) = preSolution
		HideSolutionNode = FALSE
	EndGlobalSection
	GlobalSection(ExtensibilityGlobals) = postSolution
		SolutionGuid = {11C96808-4906-44FB-B2A0-6DB0E2C8A687}
	EndGlobalSection
EndGlobal
